
Microsoft Visual Studio Solution File, Format Version 12.00
# Visual Studio 14
VisualStudioVersion = 14.0.25420.1
MinimumVisualStudioVersion = 10.0.40219.1
Project("{8BC9CEB8-8B4A-11D0-8D11-00A0C91BC942}") = "FinalProject2_Sergio", "FinalProject2_Sergio\FinalProject2_Sergio.vcxproj", "{859767BE-5F77-49B1-A466-FEBCE21A53AC}"
EndProject
Global
	GlobalSection(SolutionConfigurationPlatforms) = preSolution
		Debug|x64 = Debug|x64
		Debug|x86 = Debug|x86
		Release|x64 = Release|x64
		Release|x86 = Release|x86
	EndGlobalSection
	GlobalSection(ProjectConfigurationPlatforms) = postSolution
		{859767BE-5F77-49B1-A466-FEBCE21A53AC}.Debug|x64.ActiveCfg = Debug|x64
		{859767BE-5F77-49B1-A466-FEBCE21A53AC}.Debug|x64.Build.0 = Debug|x64
		{859767BE-5F77-49B1-A466-FEBCE21A53AC}.Debug|x86.ActiveCfg = Debug|Win32
		{859767BE-5F77-49B1-A466-FEBCE21A53AC}.Debug|x86.Build.0 = Debug|Win32
		{859767BE-5F77-49B1-A466-FEBCE21A53AC}.Release|x64.ActiveCfg = Release|x64
		{859767BE-5F77-49B1-A466-FEBCE21A53AC}.Release|x64.Build.0 = Release|x64
		{859767BE-5F77-49B1-A466-FEBCE21A53AC}.Release|x86.ActiveCfg = Release|Win32
		{859767BE-5F77-49B1-A466-FEBCE21A53AC}.Release|x86.Build.0 = Release|Win32
	EndGlobalSection
	GlobalSection(SolutionProperties) = preSolution
		HideSolutionNode = FALSE
	EndGlobalSection
EndGlobal
